// !$*UTF8*$!
{
	archiveVersion = 1;
	classes = {
	};
	objectVersion = 50;
	objects = {

/* Begin PBXBuildFile section */
		901F75A321B5294D00E9F237 /* AppDelegate.swift in Sources */ = {isa = PBXBuildFile; fileRef = 901F75A221B5294D00E9F237 /* AppDelegate.swift */; };
		901F75A521B5294D00E9F237 /* ViewController.swift in Sources */ = {isa = PBXBuildFile; fileRef = 901F75A421B5294D00E9F237 /* ViewController.swift */; };
		901F75A821B5294D00E9F237 /* Main.storyboard in Resources */ = {isa = PBXBuildFile; fileRef = 901F75A621B5294D00E9F237 /* Main.storyboard */; };
		901F75AA21B5294E00E9F237 /* Assets.xcassets in Resources */ = {isa = PBXBuildFile; fileRef = 901F75A921B5294E00E9F237 /* Assets.xcassets */; };
		901F75AD21B5294E00E9F237 /* LaunchScreen.storyboard in Resources */ = {isa = PBXBuildFile; fileRef = 901F75AB21B5294E00E9F237 /* LaunchScreen.storyboard */; };
		901F75B821B5294E00E9F237 /* HexagonLayaoutTests.swift in Sources */ = {isa = PBXBuildFile; fileRef = 901F75B721B5294E00E9F237 /* HexagonLayaoutTests.swift */; };
		901F75C321B5294E00E9F237 /* HexagonLayaoutUITests.swift in Sources */ = {isa = PBXBuildFile; fileRef = 901F75C221B5294E00E9F237 /* HexagonLayaoutUITests.swift */; };
		901F75D321B52E6C00E9F237 /* CustomCollectionViewlayout.swift in Sources */ = {isa = PBXBuildFile; fileRef = 901F75D221B52E6C00E9F237 /* CustomCollectionViewlayout.swift */; };
		901F75D721B5539600E9F237 /* HexagonCollectionViewCell.swift in Sources */ = {isa = PBXBuildFile; fileRef = 901F75D621B5539600E9F237 /* HexagonCollectionViewCell.swift */; };
		901F75D921B5543D00E9F237 /* HexagonView.swift in Sources */ = {isa = PBXBuildFile; fileRef = 901F75D821B5543D00E9F237 /* HexagonView.swift */; };
		90DB4A2521B67249006CC116 /* UIColor+Extension.swift in Sources */ = {isa = PBXBuildFile; fileRef = 90DB4A2421B67249006CC116 /* UIColor+Extension.swift */; };
		90DB4A2721B67267006CC116 /* UIView+Extension.swift in Sources */ = {isa = PBXBuildFile; fileRef = 90DB4A2621B67267006CC116 /* UIView+Extension.swift */; };
		90DB4A2A21B67456006CC116 /* Category.swift in Sources */ = {isa = PBXBuildFile; fileRef = 90DB4A2921B67456006CC116 /* Category.swift */; };
/* End PBXBuildFile section */

/* Begin PBXContainerItemProxy section */
		901F75B421B5294E00E9F237 /* PBXContainerItemProxy */ = {
			isa = PBXContainerItemProxy;
			containerPortal = 901F759721B5294D00E9F237 /* Project object */;
			proxyType = 1;
			remoteGlobalIDString = 901F759E21B5294D00E9F237;
			remoteInfo = HexagonLayaout;
		};
		901F75BF21B5294E00E9F237 /* PBXContainerItemProxy */ = {
			isa = PBXContainerItemProxy;
			containerPortal = 901F759721B5294D00E9F237 /* Project object */;
			proxyType = 1;
			remoteGlobalIDString = 901F759E21B5294D00E9F237;
			remoteInfo = HexagonLayaout;
		};
/* End PBXContainerItemProxy section */

/* Begin PBXFileReference section */
		901F759F21B5294D00E9F237 /* HexagonLayout.app */ = {isa = PBXFileReference; explicitFileType = wrapper.application; includeInIndex = 0; path = HexagonLayout.app; sourceTree = BUILT_PRODUCTS_DIR; };
		901F75A221B5294D00E9F237 /* AppDelegate.swift */ = {isa = PBXFileReference; lastKnownFileType = sourcecode.swift; path = AppDelegate.swift; sourceTree = "<group>"; };
		901F75A421B5294D00E9F237 /* ViewController.swift */ = {isa = PBXFileReference; lastKnownFileType = sourcecode.swift; path = ViewController.swift; sourceTree = "<group>"; };
		901F75A721B5294D00E9F237 /* Base */ = {isa = PBXFileReference; lastKnownFileType = file.storyboard; name = Base; path = Base.lproj/Main.storyboard; sourceTree = "<group>"; };
		901F75A921B5294E00E9F237 /* Assets.xcassets */ = {isa = PBXFileReference; lastKnownFileType = folder.assetcatalog; path = Assets.xcassets; sourceTree = "<group>"; };
		901F75AC21B5294E00E9F237 /* Base */ = {isa = PBXFileReference; lastKnownFileType = file.storyboard; name = Base; path = Base.lproj/LaunchScreen.storyboard; sourceTree = "<group>"; };
		901F75AE21B5294E00E9F237 /* Info.plist */ = {isa = PBXFileReference; lastKnownFileType = text.plist.xml; path = Info.plist; sourceTree = "<group>"; };
		901F75B321B5294E00E9F237 /* HexagonLayoutTests.xctest */ = {isa = PBXFileReference; explicitFileType = wrapper.cfbundle; includeInIndex = 0; path = HexagonLayoutTests.xctest; sourceTree = BUILT_PRODUCTS_DIR; };
		901F75B721B5294E00E9F237 /* HexagonLayaoutTests.swift */ = {isa = PBXFileReference; lastKnownFileType = sourcecode.swift; path = HexagonLayaoutTests.swift; sourceTree = "<group>"; };
		901F75B921B5294E00E9F237 /* Info.plist */ = {isa = PBXFileReference; lastKnownFileType = text.plist.xml; path = Info.plist; sourceTree = "<group>"; };
		901F75BE21B5294E00E9F237 /* HexagonLayoutUITests.xctest */ = {isa = PBXFileReference; explicitFileType = wrapper.cfbundle; includeInIndex = 0; path = HexagonLayoutUITests.xctest; sourceTree = BUILT_PRODUCTS_DIR; };
		901F75C221B5294E00E9F237 /* HexagonLayaoutUITests.swift */ = {isa = PBXFileReference; lastKnownFileType = sourcecode.swift; path = HexagonLayaoutUITests.swift; sourceTree = "<group>"; };
		901F75C421B5294E00E9F237 /* Info.plist */ = {isa = PBXFileReference; lastKnownFileType = text.plist.xml; path = Info.plist; sourceTree = "<group>"; };
		901F75D221B52E6C00E9F237 /* CustomCollectionViewlayout.swift */ = {isa = PBXFileReference; lastKnownFileType = sourcecode.swift; path = CustomCollectionViewlayout.swift; sourceTree = "<group>"; };
		901F75D621B5539600E9F237 /* HexagonCollectionViewCell.swift */ = {isa = PBXFileReference; lastKnownFileType = sourcecode.swift; path = HexagonCollectionViewCell.swift; sourceTree = "<group>"; };
		901F75D821B5543D00E9F237 /* HexagonView.swift */ = {isa = PBXFileReference; lastKnownFileType = sourcecode.swift; path = HexagonView.swift; sourceTree = "<group>"; };
		90DB4A2421B67249006CC116 /* UIColor+Extension.swift */ = {isa = PBXFileReference; lastKnownFileType = sourcecode.swift; path = "UIColor+Extension.swift"; sourceTree = "<group>"; };
		90DB4A2621B67267006CC116 /* UIView+Extension.swift */ = {isa = PBXFileReference; lastKnownFileType = sourcecode.swift; path = "UIView+Extension.swift"; sourceTree = "<group>"; };
		90DB4A2921B67456006CC116 /* Category.swift */ = {isa = PBXFileReference; lastKnownFileType = sourcecode.swift; path = Category.swift; sourceTree = "<group>"; };
/* End PBXFileReference section */

/* Begin PBXFrameworksBuildPhase section */
		901F759C21B5294D00E9F237 /* Frameworks */ = {
			isa = PBXFrameworksBuildPhase;
			buildActionMask = 2147483647;
			files = (
			);
			runOnlyForDeploymentPostprocessing = 0;
		};
		901F75B021B5294E00E9F237 /* Frameworks */ = {
			isa = PBXFrameworksBuildPhase;
			buildActionMask = 2147483647;
			files = (
			);
			runOnlyForDeploymentPostprocessing = 0;
		};
		901F75BB21B5294E00E9F237 /* Frameworks */ = {
			isa = PBXFrameworksBuildPhase;
			buildActionMask = 2147483647;
			files = (
			);
			runOnlyForDeploymentPostprocessing = 0;
		};
/* End PBXFrameworksBuildPhase section */

/* Begin PBXGroup section */
		901F759621B5294D00E9F237 = {
			isa = PBXGroup;
			children = (
				901F75A121B5294D00E9F237 /* HexagonLayaout */,
				901F75B621B5294E00E9F237 /* HexagonLayaoutTests */,
				901F75C121B5294E00E9F237 /* HexagonLayaoutUITests */,
				901F75A021B5294D00E9F237 /* Products */,
			);
			sourceTree = "<group>";
		};
		901F75A021B5294D00E9F237 /* Products */ = {
			isa = PBXGroup;
			children = (
				901F759F21B5294D00E9F237 /* HexagonLayout.app */,
				901F75B321B5294E00E9F237 /* HexagonLayoutTests.xctest */,
				901F75BE21B5294E00E9F237 /* HexagonLayoutUITests.xctest */,
			);
			name = Products;
			sourceTree = "<group>";
		};
		901F75A121B5294D00E9F237 /* HexagonLayaout */ = {
			isa = PBXGroup;
			children = (
				90DB4A2821B6743D006CC116 /* Model */,
				90DB4A2321B67233006CC116 /* Extension */,
				901F75D421B5535000E9F237 /* App VCs */,
				901F75D121B52E0500E9F237 /* Views */,
				901F75A221B5294D00E9F237 /* AppDelegate.swift */,
				901F75A621B5294D00E9F237 /* Main.storyboard */,
				901F75A921B5294E00E9F237 /* Assets.xcassets */,
				901F75AB21B5294E00E9F237 /* LaunchScreen.storyboard */,
				901F75AE21B5294E00E9F237 /* Info.plist */,
			);
			path = HexagonLayaout;
			sourceTree = "<group>";
		};
		901F75B621B5294E00E9F237 /* HexagonLayaoutTests */ = {
			isa = PBXGroup;
			children = (
				901F75B721B5294E00E9F237 /* HexagonLayaoutTests.swift */,
				901F75B921B5294E00E9F237 /* Info.plist */,
			);
			path = HexagonLayaoutTests;
			sourceTree = "<group>";
		};
		901F75C121B5294E00E9F237 /* HexagonLayaoutUITests */ = {
			isa = PBXGroup;
			children = (
				901F75C221B5294E00E9F237 /* HexagonLayaoutUITests.swift */,
				901F75C421B5294E00E9F237 /* Info.plist */,
			);
			path = HexagonLayaoutUITests;
			sourceTree = "<group>";
		};
		901F75D121B52E0500E9F237 /* Views */ = {
			isa = PBXGroup;
			children = (
				901F75D221B52E6C00E9F237 /* CustomCollectionViewlayout.swift */,
				901F75D821B5543D00E9F237 /* HexagonView.swift */,
			);
			path = Views;
			sourceTree = "<group>";
		};
		901F75D421B5535000E9F237 /* App VCs */ = {
			isa = PBXGroup;
			children = (
				901F75A421B5294D00E9F237 /* ViewController.swift */,
				901F75D521B5535D00E9F237 /* Custom Cell */,
			);
			path = "App VCs";
			sourceTree = "<group>";
		};
		901F75D521B5535D00E9F237 /* Custom Cell */ = {
			isa = PBXGroup;
			children = (
				901F75D621B5539600E9F237 /* HexagonCollectionViewCell.swift */,
			);
			path = "Custom Cell";
			sourceTree = "<group>";
		};
		90DB4A2321B67233006CC116 /* Extension */ = {
			isa = PBXGroup;
			children = (
				90DB4A2421B67249006CC116 /* UIColor+Extension.swift */,
				90DB4A2621B67267006CC116 /* UIView+Extension.swift */,
			);
			path = Extension;
			sourceTree = "<group>";
		};
		90DB4A2821B6743D006CC116 /* Model */ = {
			isa = PBXGroup;
			children = (
				90DB4A2921B67456006CC116 /* Category.swift */,
			);
			path = Model;
			sourceTree = "<group>";
		};
/* End PBXGroup section */

/* Begin PBXNativeTarget section */
		901F759E21B5294D00E9F237 /* HexagonLayout */ = {
			isa = PBXNativeTarget;
			buildConfigurationList = 901F75C721B5294E00E9F237 /* Build configuration list for PBXNativeTarget "HexagonLayout" */;
			buildPhases = (
				901F759B21B5294D00E9F237 /* Sources */,
				901F759C21B5294D00E9F237 /* Frameworks */,
				901F759D21B5294D00E9F237 /* Resources */,
			);
			buildRules = (
			);
			dependencies = (
			);
			name = HexagonLayout;
			productName = HexagonLayaout;
			productReference = 901F759F21B5294D00E9F237 /* HexagonLayout.app */;
			productType = "com.apple.product-type.application";
		};
		901F75B221B5294E00E9F237 /* HexagonLayoutTests */ = {
			isa = PBXNativeTarget;
			buildConfigurationList = 901F75CA21B5294E00E9F237 /* Build configuration list for PBXNativeTarget "HexagonLayoutTests" */;
			buildPhases = (
				901F75AF21B5294E00E9F237 /* Sources */,
				901F75B021B5294E00E9F237 /* Frameworks */,
				901F75B121B5294E00E9F237 /* Resources */,
			);
			buildRules = (
			);
			dependencies = (
				901F75B521B5294E00E9F237 /* PBXTargetDependency */,
			);
			name = HexagonLayoutTests;
			productName = HexagonLayaoutTests;
			productReference = 901F75B321B5294E00E9F237 /* HexagonLayoutTests.xctest */;
			productType = "com.apple.product-type.bundle.unit-test";
		};
		901F75BD21B5294E00E9F237 /* HexagonLayoutUITests */ = {
			isa = PBXNativeTarget;
			buildConfigurationList = 901F75CD21B5294E00E9F237 /* Build configuration list for PBXNativeTarget "HexagonLayoutUITests" */;
			buildPhases = (
				901F75BA21B5294E00E9F237 /* Sources */,
				901F75BB21B5294E00E9F237 /* Frameworks */,
				901F75BC21B5294E00E9F237 /* Resources */,
			);
			buildRules = (
			);
			dependencies = (
				901F75C021B5294E00E9F237 /* PBXTargetDependency */,
			);
			name = HexagonLayoutUITests;
			productName = HexagonLayaoutUITests;
			productReference = 901F75BE21B5294E00E9F237 /* HexagonLayoutUITests.xctest */;
			productType = "com.apple.product-type.bundle.ui-testing";
		};
/* End PBXNativeTarget section */

/* Begin PBXProject section */
		901F759721B5294D00E9F237 /* Project object */ = {
			isa = PBXProject;
			attributes = {
				LastSwiftUpdateCheck = 1010;
				LastUpgradeCheck = 1010;
				ORGANIZATIONNAME = BS23;
				TargetAttributes = {
					901F759E21B5294D00E9F237 = {
						CreatedOnToolsVersion = 10.1;
					};
					901F75B221B5294E00E9F237 = {
						CreatedOnToolsVersion = 10.1;
						TestTargetID = 901F759E21B5294D00E9F237;
					};
					901F75BD21B5294E00E9F237 = {
						CreatedOnToolsVersion = 10.1;
						TestTargetID = 901F759E21B5294D00E9F237;
					};
				};
			};
			buildConfigurationList = 901F759A21B5294D00E9F237 /* Build configuration list for PBXProject "HexagonLayout" */;
			compatibilityVersion = "Xcode 9.3";
			developmentRegion = en;
			hasScannedForEncodings = 0;
			knownRegions = (
				en,
				Base,
			);
			mainGroup = 901F759621B5294D00E9F237;
			productRefGroup = 901F75A021B5294D00E9F237 /* Products */;
			projectDirPath = "";
			projectRoot = "";
			targets = (
				901F759E21B5294D00E9F237 /* HexagonLayout */,
				901F75B221B5294E00E9F237 /* HexagonLayoutTests */,
				901F75BD21B5294E00E9F237 /* HexagonLayoutUITests */,
			);
		};
/* End PBXProject section */

/* Begin PBXResourcesBuildPhase section */
		901F759D21B5294D00E9F237 /* Resources */ = {
			isa = PBXResourcesBuildPhase;
			buildActionMask = 2147483647;
			files = (
				901F75AD21B5294E00E9F237 /* LaunchScreen.storyboard in Resources */,
				901F75AA21B5294E00E9F237 /* Assets.xcassets in Resources */,
				901F75A821B5294D00E9F237 /* Main.storyboard in Resources */,
			);
			runOnlyForDeploymentPostprocessing = 0;
		};
		901F75B121B5294E00E9F237 /* Resources */ = {
			isa = PBXResourcesBuildPhase;
			buildActionMask = 2147483647;
			files = (
			);
			runOnlyForDeploymentPostprocessing = 0;
		};
		901F75BC21B5294E00E9F237 /* Resources */ = {
			isa = PBXResourcesBuildPhase;
			buildActionMask = 2147483647;
			files = (
			);
			runOnlyForDeploymentPostprocessing = 0;
		};
/* End PBXResourcesBuildPhase section */

/* Begin PBXSourcesBuildPhase section */
		901F759B21B5294D00E9F237 /* Sources */ = {
			isa = PBXSourcesBuildPhase;
			buildActionMask = 2147483647;
			files = (
				901F75D321B52E6C00E9F237 /* CustomCollectionViewlayout.swift in Sources */,
				90DB4A2721B67267006CC116 /* UIView+Extension.swift in Sources */,
				901F75D921B5543D00E9F237 /* HexagonView.swift in Sources */,
				901F75A521B5294D00E9F237 /* ViewController.swift in Sources */,
				90DB4A2521B67249006CC116 /* UIColor+Extension.swift in Sources */,
				901F75A321B5294D00E9F237 /* AppDelegate.swift in Sources */,
				901F75D721B5539600E9F237 /* HexagonCollectionViewCell.swift in Sources */,
				90DB4A2A21B67456006CC116 /* Category.swift in Sources */,
			);
			runOnlyForDeploymentPostprocessing = 0;
		};
		901F75AF21B5294E00E9F237 /* Sources */ = {
			isa = PBXSourcesBuildPhase;
			buildActionMask = 2147483647;
			files = (
				901F75B821B5294E00E9F237 /* HexagonLayaoutTests.swift in Sources */,
			);
			runOnlyForDeploymentPostprocessing = 0;
		};
		901F75BA21B5294E00E9F237 /* Sources */ = {
			isa = PBXSourcesBuildPhase;
			buildActionMask = 2147483647;
			files = (
				901F75C321B5294E00E9F237 /* HexagonLayaoutUITests.swift in Sources */,
			);
			runOnlyForDeploymentPostprocessing = 0;
		};
/* End PBXSourcesBuildPhase section */

/* Begin PBXTargetDependency section */
		901F75B521B5294E00E9F237 /* PBXTargetDependency */ = {
			isa = PBXTargetDependency;
			target = 901F759E21B5294D00E9F237 /* HexagonLayout */;
			targetProxy = 901F75B421B5294E00E9F237 /* PBXContainerItemProxy */;
		};
		901F75C021B5294E00E9F237 /* PBXTargetDependency */ = {
			isa = PBXTargetDependency;
			target = 901F759E21B5294D00E9F237 /* HexagonLayout */;
			targetProxy = 901F75BF21B5294E00E9F237 /* PBXContainerItemProxy */;
		};
/* End PBXTargetDependency section */

/* Begin PBXVariantGroup section */
		901F75A621B5294D00E9F237 /* Main.storyboard */ = {
			isa = PBXVariantGroup;
			children = (
				901F75A721B5294D00E9F237 /* Base */,
			);
			name = Main.storyboard;
			sourceTree = "<group>";
		};
		901F75AB21B5294E00E9F237 /* LaunchScreen.storyboard */ = {
			isa = PBXVariantGroup;
			children = (
				901F75AC21B5294E00E9F237 /* Base */,
			);
			name = LaunchScreen.storyboard;
			sourceTree = "<group>";
		};
/* End PBXVariantGroup section */

/* Begin XCBuildConfiguration section */
		901F75C521B5294E00E9F237 /* Debug */ = {
			isa = XCBuildConfiguration;
			buildSettings = {
				ALWAYS_SEARCH_USER_PATHS = NO;
				CLANG_ANALYZER_NONNULL = YES;
				CLANG_ANALYZER_NUMBER_OBJECT_CONVERSION = YES_AGGRESSIVE;
				CLANG_CXX_LANGUAGE_STANDARD = "gnu++14";
				CLANG_CXX_LIBRARY = "libc++";
				CLANG_ENABLE_MODULES = YES;
				CLANG_ENABLE_OBJC_ARC = YES;
				CLANG_ENABLE_OBJC_WEAK = YES;
				CLANG_WARN_BLOCK_CAPTURE_AUTORELEASING = YES;
				CLANG_WARN_BOOL_CONVERSION = YES;
				CLANG_WARN_COMMA = YES;
				CLANG_WARN_CONSTANT_CONVERSION = YES;
				CLANG_WARN_DEPRECATED_OBJC_IMPLEMENTATIONS = YES;
				CLANG_WARN_DIRECT_OBJC_ISA_USAGE = YES_ERROR;
				CLANG_WARN_DOCUMENTATION_COMMENTS = YES;
				CLANG_WARN_EMPTY_BODY = YES;
				CLANG_WARN_ENUM_CONVERSION = YES;
				CLANG_WARN_INFINITE_RECURSION = YES;
				CLANG_WARN_INT_CONVERSION = YES;
				CLANG_WARN_NON_LITERAL_NULL_CONVERSION = YES;
				CLANG_WARN_OBJC_IMPLICIT_RETAIN_SELF = YES;
				CLANG_WARN_OBJC_LITERAL_CONVERSION = YES;
				CLANG_WARN_OBJC_ROOT_CLASS = YES_ERROR;
				CLANG_WARN_RANGE_LOOP_ANALYSIS = YES;
				CLANG_WARN_STRICT_PROTOTYPES = YES;
				CLANG_WARN_SUSPICIOUS_MOVE = YES;
				CLANG_WARN_UNGUARDED_AVAILABILITY = YES_AGGRESSIVE;
				CLANG_WARN_UNREACHABLE_CODE = YES;
				CLANG_WARN__DUPLICATE_METHOD_MATCH = YES;
				CODE_SIGN_IDENTITY = "iPhone Developer";
				COPY_PHASE_STRIP = NO;
				DEBUG_INFORMATION_FORMAT = dwarf;
				ENABLE_STRICT_OBJC_MSGSEND = YES;
				ENABLE_TESTABILITY = YES;
				GCC_C_LANGUAGE_STANDARD = gnu11;
				GCC_DYNAMIC_NO_PIC = NO;
				GCC_NO_COMMON_BLOCKS = YES;
				GCC_OPTIMIZATION_LEVEL = 0;
				GCC_PREPROCESSOR_DEFINITIONS = (
					"DEBUG=1",
					"$(inherited)",
				);
				GCC_WARN_64_TO_32_BIT_CONVERSION = YES;
				GCC_WARN_ABOUT_RETURN_TYPE = YES_ERROR;
				GCC_WARN_UNDECLARED_SELECTOR = YES;
				GCC_WARN_UNINITIALIZED_AUTOS = YES_AGGRESSIVE;
				GCC_WARN_UNUSED_FUNCTION = YES;
				GCC_WARN_UNUSED_VARIABLE = YES;
				IPHONEOS_DEPLOYMENT_TARGET = 12.1;
				MTL_ENABLE_DEBUG_INFO = INCLUDE_SOURCE;
				MTL_FAST_MATH = YES;
				ONLY_ACTIVE_ARCH = YES;
				SDKROOT = iphoneos;
				SWIFT_ACTIVE_COMPILATION_CONDITIONS = DEBUG;
				SWIFT_OPTIMIZATION_LEVEL = "-Onone";
			};
			name = Debug;
		};
		901F75C621B5294E00E9F237 /* Release */ = {
			isa = XCBuildConfiguration;
			buildSettings = {
				ALWAYS_SEARCH_USER_PATHS = NO;
				CLANG_ANALYZER_NONNULL = YES;
				CLANG_ANALYZER_NUMBER_OBJECT_CONVERSION = YES_AGGRESSIVE;
				CLANG_CXX_LANGUAGE_STANDARD = "gnu++14";
				CLANG_CXX_LIBRARY = "libc++";
				CLANG_ENABLE_MODULES = YES;
				CLANG_ENABLE_OBJC_ARC = YES;
				CLANG_ENABLE_OBJC_WEAK = YES;
				CLANG_WARN_BLOCK_CAPTURE_AUTORELEASING = YES;
				CLANG_WARN_BOOL_CONVERSION = YES;
				CLANG_WARN_COMMA = YES;
				CLANG_WARN_CONSTANT_CONVERSION = YES;
				CLANG_WARN_DEPRECATED_OBJC_IMPLEMENTATIONS = YES;
				CLANG_WARN_DIRECT_OBJC_ISA_USAGE = YES_ERROR;
				CLANG_WARN_DOCUMENTATION_COMMENTS = YES;
				CLANG_WARN_EMPTY_BODY = YES;
				CLANG_WARN_ENUM_CONVERSION = YES;
				CLANG_WARN_INFINITE_RECURSION = YES;
				CLANG_WARN_INT_CONVERSION = YES;
				CLANG_WARN_NON_LITERAL_NULL_CONVERSION = YES;
				CLANG_WARN_OBJC_IMPLICIT_RETAIN_SELF = YES;
				CLANG_WARN_OBJC_LITERAL_CONVERSION = YES;
				CLANG_WARN_OBJC_ROOT_CLASS = YES_ERROR;
				CLANG_WARN_RANGE_LOOP_ANALYSIS = YES;
				CLANG_WARN_STRICT_PROTOTYPES = YES;
				CLANG_WARN_SUSPICIOUS_MOVE = YES;
				CLANG_WARN_UNGUARDED_AVAILABILITY = YES_AGGRESSIVE;
				CLANG_WARN_UNREACHABLE_CODE = YES;
				CLANG_WARN__DUPLICATE_METHOD_MATCH = YES;
				CODE_SIGN_IDENTITY = "iPhone Developer";
				COPY_PHASE_STRIP = NO;
				DEBUG_INFORMATION_FORMAT = "dwarf-with-dsym";
				ENABLE_NS_ASSERTIONS = NO;
				ENABLE_STRICT_OBJC_MSGSEND = YES;
				GCC_C_LANGUAGE_STANDARD = gnu11;
				GCC_NO_COMMON_BLOCKS = YES;
				GCC_WARN_64_TO_32_BIT_CONVERSION = YES;
				GCC_WARN_ABOUT_RETURN_TYPE = YES_ERROR;
				GCC_WARN_UNDECLARED_SELECTOR = YES;
				GCC_WARN_UNINITIALIZED_AUTOS = YES_AGGRESSIVE;
				GCC_WARN_UNUSED_FUNCTION = YES;
				GCC_WARN_UNUSED_VARIABLE = YES;
				IPHONEOS_DEPLOYMENT_TARGET = 12.1;
				MTL_ENABLE_DEBUG_INFO = NO;
				MTL_FAST_MATH = YES;
				SDKROOT = iphoneos;
				SWIFT_COMPILATION_MODE = wholemodule;
				SWIFT_OPTIMIZATION_LEVEL = "-O";
				VALIDATE_PRODUCT = YES;
			};
			name = Release;
		};
		901F75C821B5294E00E9F237 /* Debug */ = {
			isa = XCBuildConfiguration;
			buildSettings = {
				ASSETCATALOG_COMPILER_APPICON_NAME = AppIcon;
				CODE_SIGN_STYLE = Automatic;
				INFOPLIST_FILE = HexagonLayaout/Info.plist;
				LD_RUNPATH_SEARCH_PATHS = (
					"$(inherited)",
					"@executable_path/Frameworks",
				);
				PRODUCT_BUNDLE_IDENTIFIER = edu.bs23.HexagonLayaout;
				PRODUCT_NAME = "$(TARGET_NAME)";
				SWIFT_VERSION = 4.2;
				TARGETED_DEVICE_FAMILY = "1,2";
			};
			name = Debug;
		};
		901F75C921B5294E00E9F237 /* Release */ = {
			isa = XCBuildConfiguration;
			buildSettings = {
				ASSETCATALOG_COMPILER_APPICON_NAME = AppIcon;
				CODE_SIGN_STYLE = Automatic;
				INFOPLIST_FILE = HexagonLayaout/Info.plist;
				LD_RUNPATH_SEARCH_PATHS = (
					"$(inherited)",
					"@executable_path/Frameworks",
				);
				PRODUCT_BUNDLE_IDENTIFIER = edu.bs23.HexagonLayaout;
				PRODUCT_NAME = "$(TARGET_NAME)";
				SWIFT_VERSION = 4.2;
				TARGETED_DEVICE_FAMILY = "1,2";
			};
			name = Release;
		};
		901F75CB21B5294E00E9F237 /* Debug */ = {
			isa = XCBuildConfiguration;
			buildSettings = {
				ALWAYS_EMBED_SWIFT_STANDARD_LIBRARIES = YES;
				BUNDLE_LOADER = "$(TEST_HOST)";
				CODE_SIGN_STYLE = Automatic;
				INFOPLIST_FILE = HexagonLayaoutTests/Info.plist;
				LD_RUNPATH_SEARCH_PATHS = (
					"$(inherited)",
					"@executable_path/Frameworks",
					"@loader_path/Frameworks",
				);
				PRODUCT_BUNDLE_IDENTIFIER = edu.bs23.HexagonLayaoutTests;
				PRODUCT_NAME = "$(TARGET_NAME)";
				SWIFT_VERSION = 4.2;
				TARGETED_DEVICE_FAMILY = "1,2";
				TEST_HOST = "$(BUILT_PRODUCTS_DIR)/HexagonLayout.app/HexagonLayout";
			};
			name = Debug;
		};
		901F75CC21B5294E00E9F237 /* Release */ = {
			isa = XCBuildConfiguration;
			buildSettings = {
				ALWAYS_EMBED_SWIFT_STANDARD_LIBRARIES = YES;
				BUNDLE_LOADER = "$(TEST_HOST)";
				CODE_SIGN_STYLE = Automatic;
				INFOPLIST_FILE = HexagonLayaoutTests/Info.plist;
				LD_RUNPATH_SEARCH_PATHS = (
					"$(inherited)",
					"@executable_path/Frameworks",
					"@loader_path/Frameworks",
				);
				PRODUCT_BUNDLE_IDENTIFIER = edu.bs23.HexagonLayaoutTests;
				PRODUCT_NAME = "$(TARGET_NAME)";
				SWIFT_VERSION = 4.2;
				TARGETED_DEVICE_FAMILY = "1,2";
				TEST_HOST = "$(BUILT_PRODUCTS_DIR)/HexagonLayout.app/HexagonLayout";
			};
			name = Release;
		};
		901F75CE21B5294E00E9F237 /* Debug */ = {
			isa = XCBuildConfiguration;
			buildSettings = {
				ALWAYS_EMBED_SWIFT_STANDARD_LIBRARIES = YES;
				CODE_SIGN_STYLE = Automatic;
				INFOPLIST_FILE = HexagonLayaoutUITests/Info.plist;
				LD_RUNPATH_SEARCH_PATHS = (
					"$(inherited)",
					"@executable_path/Frameworks",
					"@loader_path/Frameworks",
				);
				PRODUCT_BUNDLE_IDENTIFIER = edu.bs23.HexagonLayaoutUITests;
				PRODUCT_NAME = "$(TARGET_NAME)";
				SWIFT_VERSION = 4.2;
				TARGETED_DEVICE_FAMILY = "1,2";
				TEST_TARGET_NAME = HexagonLayaout;
			};
			name = Debug;
		};
		901F75CF21B5294E00E9F237 /* Release */ = {
			isa = XCBuildConfiguration;
			buildSettings = {
				ALWAYS_EMBED_SWIFT_STANDARD_LIBRARIES = YES;
				CODE_SIGN_STYLE = Automatic;
				INFOPLIST_FILE = HexagonLayaoutUITests/Info.plist;
				LD_RUNPATH_SEARCH_PATHS = (
					"$(inherited)",
					"@executable_path/Frameworks",
					"@loader_path/Frameworks",
				);
				PRODUCT_BUNDLE_IDENTIFIER = edu.bs23.HexagonLayaoutUITests;
				PRODUCT_NAME = "$(TARGET_NAME)";
				SWIFT_VERSION = 4.2;
				TARGETED_DEVICE_FAMILY = "1,2";
				TEST_TARGET_NAME = HexagonLayaout;
			};
			name = Release;
		};
/* End XCBuildConfiguration section */

/* Begin XCConfigurationList section */
		901F759A21B5294D00E9F237 /* Build configuration list for PBXProject "HexagonLayout" */ = {
			isa = XCConfigurationList;
			buildConfigurations = (
				901F75C521B5294E00E9F237 /* Debug */,
				901F75C621B5294E00E9F237 /* Release */,
			);
			defaultConfigurationIsVisible = 0;
			defaultConfigurationName = Release;
		};
		901F75C721B5294E00E9F237 /* Build configuration list for PBXNativeTarget "HexagonLayout" */ = {
			isa = XCConfigurationList;
			buildConfigurations = (
				901F75C821B5294E00E9F237 /* Debug */,
				901F75C921B5294E00E9F237 /* Release */,
			);
			defaultConfigurationIsVisible = 0;
			defaultConfigurationName = Release;
		};
		901F75CA21B5294E00E9F237 /* Build configuration list for PBXNativeTarget "HexagonLayoutTests" */ = {
			isa = XCConfigurationList;
			buildConfigurations = (
				901F75CB21B5294E00E9F237 /* Debug */,
				901F75CC21B5294E00E9F237 /* Release */,
			);
			defaultConfigurationIsVisible = 0;
			defaultConfigurationName = Release;
		};
		901F75CD21B5294E00E9F237 /* Build configuration list for PBXNativeTarget "HexagonLayoutUITests" */ = {
			isa = XCConfigurationList;
			buildConfigurations = (
				901F75CE21B5294E00E9F237 /* Debug */,
				901F75CF21B5294E00E9F237 /* Release */,
			);
			defaultConfigurationIsVisible = 0;
			defaultConfigurationName = Release;
		};
/* End XCConfigurationList section */
	};
	rootObject = 901F759721B5294D00E9F237 /* Project object */;
}
